github.com/odvcencio/gotreesitter v0.19.1 h1:OYp/gOvm/uQnmR1ZlBcp6bDOdN8HtRBS74cVrI3C/oc=
github.com/odvcencio/gotreesitter v0.19.1/go.mod h1:hBVkghd0paaYAVwd2087vfwdeU984bQbMo9LvpE0moo=
github.com/odvcencio/gotreesitter v0.20.4 h1:ByyXlrgyskN4kbX26Nd0BV10D18iKa+cEuLPUSKZF24=
github.com/odvcencio/gotreesitter v0.20.4/go.mod h1:hBVkghd0paaYAVwd2087vfwdeU984bQbMo9LvpE0moo=
github.com/odvcencio/gotreesitter v0.20.5 h1:V/F/Xv3fld61IVLnlRAgdZXrwuPQba6VPDWyXTOfooc=
github.com/odvcencio/gotreesitter v0.20.5/go.mod h1:hBVkghd0paaYAVwd2087vfwdeU984bQbMo9LvpE0moo=
